
Microsoft Visual Studio Solution File, Format Version 12.00
# Visual Studio 2013
VisualStudioVersion = 12.0.31101.0
MinimumVisualStudioVersion = 10.0.40219.1
Project("{FAE04EC0-301F-11D3-BF4B-00C04F79EFBC}") = "1.1 KaspochanNumbers", "KaspochanNumbers\1.1 KaspochanNumbers.csproj", "{C7E1DB61-FFE2-4C3D-A950-E1E34359A91C}"
EndProject
Project("{FAE04EC0-301F-11D3-BF4B-00C04F79EFBC}") = "2.1 DarankulakNumbers", "DarankulakNumbers\2.1 DarankulakNumbers.csproj", "{C1F7242A-A46E-4C96-911A-E6928358A583}"
EndProject
Project("{FAE04EC0-301F-11D3-BF4B-00C04F79EFBC}") = "3.1 NineGagNumbers", "NineGagNumbers\3.1 NineGagNumbers.csproj", "{94D031FF-21AD-4A76-914C-441D16C1B8BE}"
EndProject
Project("{FAE04EC0-301F-11D3-BF4B-00C04F79EFBC}") = "1.2 GreedyDwarf", "GreedyDwarf\1.2 GreedyDwarf.csproj", "{6CBD393A-E01F-4317-8C38-132CF6CDC4FF}"
EndProject
Project("{FAE04EC0-301F-11D3-BF4B-00C04F79EFBC}") = "1.4 ConsoleJustification", "ConsoleJustification\1.4 ConsoleJustification.csproj", "{583F6BE5-79C4-495E-93A2-98918A2D809E}"
EndProject
Project("{FAE04EC0-301F-11D3-BF4B-00C04F79EFBC}") = "1.3 Slides", "Slides\1.3 Slides.csproj", "{DD76EE32-C5F9-491A-BDF3-6D8EF0C663B6}"
EndProject
Project("{FAE04EC0-301F-11D3-BF4B-00C04F79EFBC}") = "3.3 KukataIsDancing", "KukataIsDancing\3.3 KukataIsDancing.csproj", "{F9340944-03D5-4097-8ED6-7E9A0448E47A}"
EndProject
Project("{FAE04EC0-301F-11D3-BF4B-00C04F79EFBC}") = "2.3 Laser", "Laser\2.3 Laser.csproj", "{F7A943C1-68C4-424F-B69D-8E01193DAD85}"
EndProject
Project("{FAE04EC0-301F-11D3-BF4B-00C04F79EFBC}") = "3.4 FTML", "FTML\3.4 FTML.csproj", "{B38590AC-0691-465C-AB1B-9094DF00EFB4}"
EndProject
Project("{FAE04EC0-301F-11D3-BF4B-00C04F79EFBC}") = "2.4 Brackets", "Brackets\2.4 Brackets.csproj", "{722F0132-D141-4844-89FD-4F1FC0704051}"
EndProject
Global
	GlobalSection(SolutionConfigurationPlatforms) = preSolution
		Debug|Any CPU = Debug|Any CPU
		Release|Any CPU = Release|Any CPU
	EndGlobalSection
	GlobalSection(ProjectConfigurationPlatforms) = postSolution
		{C7E1DB61-FFE2-4C3D-A950-E1E34359A91C}.Debug|Any CPU.ActiveCfg = Debug|Any CPU
		{C7E1DB61-FFE2-4C3D-A950-E1E34359A91C}.Debug|Any CPU.Build.0 = Debug|Any CPU
		{C7E1DB61-FFE2-4C3D-A950-E1E34359A91C}.Release|Any CPU.ActiveCfg = Release|Any CPU
		{C7E1DB61-FFE2-4C3D-A950-E1E34359A91C}.Release|Any CPU.Build.0 = Release|Any CPU
		{C1F7242A-A46E-4C96-911A-E6928358A583}.Debug|Any CPU.ActiveCfg = Debug|Any CPU
		{C1F7242A-A46E-4C96-911A-E6928358A583}.Debug|Any CPU.Build.0 = Debug|Any CPU
		{C1F7242A-A46E-4C96-911A-E6928358A583}.Release|Any CPU.ActiveCfg = Release|Any CPU
		{C1F7242A-A46E-4C96-911A-E6928358A583}.Release|Any CPU.Build.0 = Release|Any CPU
		{94D031FF-21AD-4A76-914C-441D16C1B8BE}.Debug|Any CPU.ActiveCfg = Debug|Any CPU
		{94D031FF-21AD-4A76-914C-441D16C1B8BE}.Debug|Any CPU.Build.0 = Debug|Any CPU
		{94D031FF-21AD-4A76-914C-441D16C1B8BE}.Release|Any CPU.ActiveCfg = Release|Any CPU
		{94D031FF-21AD-4A76-914C-441D16C1B8BE}.Release|Any CPU.Build.0 = Release|Any CPU
		{6CBD393A-E01F-4317-8C38-132CF6CDC4FF}.Debug|Any CPU.ActiveCfg = Debug|Any CPU
		{6CBD393A-E01F-4317-8C38-132CF6CDC4FF}.Debug|Any CPU.Build.0 = Debug|Any CPU
		{6CBD393A-E01F-4317-8C38-132CF6CDC4FF}.Release|Any CPU.ActiveCfg = Release|Any CPU
		{6CBD393A-E01F-4317-8C38-132CF6CDC4FF}.Release|Any CPU.Build.0 = Release|Any CPU
		{583F6BE5-79C4-495E-93A2-98918A2D809E}.Debug|Any CPU.ActiveCfg = Debug|Any CPU
		{583F6BE5-79C4-495E-93A2-98918A2D809E}.Debug|Any CPU.Build.0 = Debug|Any CPU
		{583F6BE5-79C4-495E-93A2-98918A2D809E}.Release|Any CPU.ActiveCfg = Release|Any CPU
		{583F6BE5-79C4-495E-93A2-98918A2D809E}.Release|Any CPU.Build.0 = Release|Any CPU
		{DD76EE32-C5F9-491A-BDF3-6D8EF0C663B6}.Debug|Any CPU.ActiveCfg = Debug|Any CPU
		{DD76EE32-C5F9-491A-BDF3-6D8EF0C663B6}.Debug|Any CPU.Build.0 = Debug|Any CPU
		{DD76EE32-C5F9-491A-BDF3-6D8EF0C663B6}.Release|Any CPU.ActiveCfg = Release|Any CPU
		{DD76EE32-C5F9-491A-BDF3-6D8EF0C663B6}.Release|Any CPU.Build.0 = Release|Any CPU
		{F9340944-03D5-4097-8ED6-7E9A0448E47A}.Debug|Any CPU.ActiveCfg = Debug|Any CPU
		{F9340944-03D5-4097-8ED6-7E9A0448E47A}.Debug|Any CPU.Build.0 = Debug|Any CPU
		{F9340944-03D5-4097-8ED6-7E9A0448E47A}.Release|Any CPU.ActiveCfg = Release|Any CPU
		{F9340944-03D5-4097-8ED6-7E9A0448E47A}.Release|Any CPU.Build.0 = Release|Any CPU
		{F7A943C1-68C4-424F-B69D-8E01193DAD85}.Debug|Any CPU.ActiveCfg = Debug|Any CPU
		{F7A943C1-68C4-424F-B69D-8E01193DAD85}.Debug|Any CPU.Build.0 = Debug|Any CPU
		{F7A943C1-68C4-424F-B69D-8E01193DAD85}.Release|Any CPU.ActiveCfg = Release|Any CPU
		{F7A943C1-68C4-424F-B69D-8E01193DAD85}.Release|Any CPU.Build.0 = Release|Any CPU
		{B38590AC-0691-465C-AB1B-9094DF00EFB4}.Debug|Any CPU.ActiveCfg = Debug|Any CPU
		{B38590AC-0691-465C-AB1B-9094DF00EFB4}.Debug|Any CPU.Build.0 = Debug|Any CPU
		{B38590AC-0691-465C-AB1B-9094DF00EFB4}.Release|Any CPU.ActiveCfg = Release|Any CPU
		{B38590AC-0691-465C-AB1B-9094DF00EFB4}.Release|Any CPU.Build.0 = Release|Any CPU
		{722F0132-D141-4844-89FD-4F1FC0704051}.Debug|Any CPU.ActiveCfg = Debug|Any CPU
		{722F0132-D141-4844-89FD-4F1FC0704051}.Debug|Any CPU.Build.0 = Debug|Any CPU
		{722F0132-D141-4844-89FD-4F1FC0704051}.Release|Any CPU.ActiveCfg = Release|Any CPU
		{722F0132-D141-4844-89FD-4F1FC0704051}.Release|Any CPU.Build.0 = Release|Any CPU
	EndGlobalSection
	GlobalSection(SolutionProperties) = preSolution
		HideSolutionNode = FALSE
	EndGlobalSection
EndGlobal
