
Microsoft Visual Studio Solution File, Format Version 12.00
# Visual Studio 2013
VisualStudioVersion = 12.0.31101.0
MinimumVisualStudioVersion = 10.0.40219.1
Project("{FAE04EC0-301F-11D3-BF4B-00C04F79EFBC}") = "MobilePhoneLibrary", "MobilePhoneLibrary\MobilePhoneLibrary.csproj", "{FD171531-E664-4080-AF50-77F69FCDE5AD}"
EndProject
Project("{FAE04EC0-301F-11D3-BF4B-00C04F79EFBC}") = "Test", "Test\Test.csproj", "{E117CADD-0EDB-4A54-9866-7B25452AF35F}"
EndProject
Global
	GlobalSection(SolutionConfigurationPlatforms) = preSolution
		Debug|Any CPU = Debug|Any CPU
		Release|Any CPU = Release|Any CPU
	EndGlobalSection
	GlobalSection(ProjectConfigurationPlatforms) = postSolution
		{FD171531-E664-4080-AF50-77F69FCDE5AD}.Debug|Any CPU.ActiveCfg = Debug|Any CPU
		{FD171531-E664-4080-AF50-77F69FCDE5AD}.Debug|Any CPU.Build.0 = Debug|Any CPU
		{FD171531-E664-4080-AF50-77F69FCDE5AD}.Release|Any CPU.ActiveCfg = Release|Any CPU
		{FD171531-E664-4080-AF50-77F69FCDE5AD}.Release|Any CPU.Build.0 = Release|Any CPU
		{E117CADD-0EDB-4A54-9866-7B25452AF35F}.Debug|Any CPU.ActiveCfg = Debug|Any CPU
		{E117CADD-0EDB-4A54-9866-7B25452AF35F}.Debug|Any CPU.Build.0 = Debug|Any CPU
		{E117CADD-0EDB-4A54-9866-7B25452AF35F}.Release|Any CPU.ActiveCfg = Release|Any CPU
		{E117CADD-0EDB-4A54-9866-7B25452AF35F}.Release|Any CPU.Build.0 = Release|Any CPU
	EndGlobalSection
	GlobalSection(SolutionProperties) = preSolution
		HideSolutionNode = FALSE
	EndGlobalSection
EndGlobal
